
Microsoft Visual Studio Solution File, Format Version 12.00
# Visual Studio Version 17
VisualStudioVersion = 17.0.31912.275
MinimumVisualStudioVersion = 10.0.40219.1
Project("{9A19103F-16F7-4668-BE54-9A1E7A4F7556}") = "Hafta2_Extensions_MVC", "Hafta2_Extensions_MVC\Hafta2_Extensions_MVC.csproj", "{AAA9D10C-6969-4152-8AF3-86DA65F456FF}"
EndProject
Project("{FAE04EC0-301F-11D3-BF4B-00C04F79EFBC}") = "Model", "Model\Model.csproj", "{64C05460-7407-4D12-BB0F-33736A0B4147}"
EndProject
Project("{FAE04EC0-301F-11D3-BF4B-00C04F79EFBC}") = "Hafta2_Console_App", "Hafta2_Console_App\Hafta2_Console_App.csproj", "{AAF6D675-176F-48EA-9303-6A326C66CE59}"
EndProject
Global
	GlobalSection(SolutionConfigurationPlatforms) = preSolution
		Debug|Any CPU = Debug|Any CPU
		Release|Any CPU = Release|Any CPU
	EndGlobalSection
	GlobalSection(ProjectConfigurationPlatforms) = postSolution
		{AAA9D10C-6969-4152-8AF3-86DA65F456FF}.Debug|Any CPU.ActiveCfg = Debug|Any CPU
		{AAA9D10C-6969-4152-8AF3-86DA65F456FF}.Debug|Any CPU.Build.0 = Debug|Any CPU
		{AAA9D10C-6969-4152-8AF3-86DA65F456FF}.Release|Any CPU.ActiveCfg = Release|Any CPU
		{AAA9D10C-6969-4152-8AF3-86DA65F456FF}.Release|Any CPU.Build.0 = Release|Any CPU
		{64C05460-7407-4D12-BB0F-33736A0B4147}.Debug|Any CPU.ActiveCfg = Debug|Any CPU
		{64C05460-7407-4D12-BB0F-33736A0B4147}.Debug|Any CPU.Build.0 = Debug|Any CPU
		{64C05460-7407-4D12-BB0F-33736A0B4147}.Release|Any CPU.ActiveCfg = Release|Any CPU
		{64C05460-7407-4D12-BB0F-33736A0B4147}.Release|Any CPU.Build.0 = Release|Any CPU
		{AAF6D675-176F-48EA-9303-6A326C66CE59}.Debug|Any CPU.ActiveCfg = Debug|Any CPU
		{AAF6D675-176F-48EA-9303-6A326C66CE59}.Debug|Any CPU.Build.0 = Debug|Any CPU
		{AAF6D675-176F-48EA-9303-6A326C66CE59}.Release|Any CPU.ActiveCfg = Release|Any CPU
		{AAF6D675-176F-48EA-9303-6A326C66CE59}.Release|Any CPU.Build.0 = Release|Any CPU
	EndGlobalSection
	GlobalSection(SolutionProperties) = preSolution
		HideSolutionNode = FALSE
	EndGlobalSection
	GlobalSection(ExtensibilityGlobals) = postSolution
		SolutionGuid = {15587D7C-147C-4125-9D81-D70790F04DA2}
	EndGlobalSection
EndGlobal
