
Microsoft Visual Studio Solution File, Format Version 12.00
# Visual Studio Version 17
VisualStudioVersion = 17.0.31912.275
MinimumVisualStudioVersion = 10.0.40219.1
Project("{FAE04EC0-301F-11D3-BF4B-00C04F79EFBC}") = "Hafta2_Extensions_MVC", "Hafta2_Extensions_MVC\Hafta2_Extensions_MVC.csproj", "{AAA9D10C-6969-4152-8AF3-86DA65F456FF}"
EndProject
Global
	GlobalSection(SolutionConfigurationPlatforms) = preSolution
		Debug|Any CPU = Debug|Any CPU
		Release|Any CPU = Release|Any CPU
	EndGlobalSection
	GlobalSection(ProjectConfigurationPlatforms) = postSolution
		{AAA9D10C-6969-4152-8AF3-86DA65F456FF}.Debug|Any CPU.ActiveCfg = Debug|Any CPU
		{AAA9D10C-6969-4152-8AF3-86DA65F456FF}.Debug|Any CPU.Build.0 = Debug|Any CPU
		{AAA9D10C-6969-4152-8AF3-86DA65F456FF}.Release|Any CPU.ActiveCfg = Release|Any CPU
		{AAA9D10C-6969-4152-8AF3-86DA65F456FF}.Release|Any CPU.Build.0 = Release|Any CPU
	EndGlobalSection
	GlobalSection(SolutionProperties) = preSolution
		HideSolutionNode = FALSE
	EndGlobalSection
	GlobalSection(ExtensibilityGlobals) = postSolution
		SolutionGuid = {15587D7C-147C-4125-9D81-D70790F04DA2}
	EndGlobalSection
EndGlobal
